# This file is automatically @generated by Cargo.
# It is not intended for manual editing.
version = 4

[[package]]
name = "telegram-cli"
version = "0.1.0"
dependencies = [
 "telegram-protocol",
]

[[package]]
name = "telegram-core"
version = "0.1.0"

[[package]]
name = "telegram-mcp"
version = "0.1.0"
dependencies = [
 "telegram-protocol",
]

[[package]]
name = "telegram-protocol"
version = "0.1.0"

[[package]]
name = "telegram-webapp-runner"
version = "0.1.0"
dependencies = [
 "telegram-protocol",
]

[[package]]
name = "telegramd"
version = "0.1.0"
dependencies = [
 "telegram-core",
 "telegram-protocol",
]
